{
  "version": 4,
  "terraform_version": "1.14.6",
  "serial": 21,
  "lineage": "4195aee1-e370-9c46-99ae-d68073c3e16f",
  "outputs": {
    "bucket_id": {
      "value": "monbucketexotp2",
      "type": "string"
    },
    "instance_id": {
      "value": "i-04a34680447f47ecb",
      "type": "string"
    },
    "instance_public_ip": {
      "value": "18.208.171.34",
      "type": "string"
    },
    "s3_object_url": {
      "value": "https://monbucketexotp2.s3.amazonaws.com/hello-world.txt",
      "type": "string"
    },
    "ssh_command": {
      "value": "ssh -i deployer-key.pem ec2-user@18.208.171.34",
      "type": "string"
    }
  },
  "resources": [
    {
      "mode": "data",
      "type": "aws_ami",
      "name": "amazon_linux_2",
      "provider": "provider[\"registry.terraform.io/hashicorp/aws\"]",
      "instances": [
        {
          "schema_version": 0,
          "attributes": {
            "architecture": "x86_64",
            "arn": "arn:aws:ec2:us-east-1::image/ami-0ce09e2429ff33e52",
            "block_device_mappings": [
              {
                "device_name": "/dev/xvda",
                "ebs": {
                  "delete_on_termination": "true",
                  "encrypted": "false",
                  "iops": "0",
                  "snapshot_id": "snap-05662f9b645941c4a",
                  "throughput": "0",
                  "volume_size": "30",
                  "volume_type": "gp2"
                },
                "no_device": "",
                "virtual_name": ""
              }
            ],
            "boot_mode": "",
            "creation_date": "2026-04-14T22:46:26.000Z",
            "deprecation_time": "2028-04-14T22:46:26.000Z",
            "description": "Amazon Linux AMI 2.0.20260414 x86_64 ECS HVM GP2",
            "ena_support": true,
            "executable_users": null,
            "filter": [
              {
                "name": "name",
                "values": [
                  "amzn2-ami-ecs-hvm-*-x86_64-ebs"
                ]
              },
              {
                "name": "owner-alias",
                "values": [
                  "amazon"
                ]
              },
              {
                "name": "virtualization-type",
                "values": [
                  "hvm"
                ]
              }
            ],
            "hypervisor": "xen",
            "id": "ami-0ce09e2429ff33e52",
            "image_id": "ami-0ce09e2429ff33e52",
            "image_location": "amazon/amzn2-ami-ecs-hvm-2.0.20260414-x86_64-ebs",
            "image_owner_alias": "amazon",
            "image_type": "machine",
            "imds_support": "",
            "include_deprecated": false,
            "kernel_id": "",
            "most_recent": true,
            "name": "amzn2-ami-ecs-hvm-2.0.20260414-x86_64-ebs",
            "name_regex": null,
            "owner_id": "591542846629",
            "owners": [
              "amazon"
            ],
            "platform": "",
            "platform_details": "Linux/UNIX",
            "product_codes": [],
            "public": true,
            "ramdisk_id": "",
            "root_device_name": "/dev/xvda",
            "root_device_type": "ebs",
            "root_snapshot_id": "snap-05662f9b645941c4a",
            "sriov_net_support": "simple",
            "state": "available",
            "state_reason": {
              "code": "UNSET",
              "message": "UNSET"
            },
            "tags": {},
            "timeouts": null,
            "tpm_support": "",
            "usage_operation": "RunInstances",
            "virtualization_type": "hvm"
          },
          "sensitive_attributes": [],
          "identity_schema_version": 0
        }
      ]
    },
    {
      "mode": "managed",
      "type": "aws_instance",
      "name": "db",
      "provider": "provider[\"registry.terraform.io/hashicorp/aws\"]",
      "instances": [
        {
          "schema_version": 1,
          "attributes": {
            "ami": "ami-0ce09e2429ff33e52",
            "arn": "arn:aws:ec2:us-east-1:058264345521:instance/i-077cb6a953e53cef2",
            "associate_public_ip_address": true,
            "availability_zone": "us-east-1b",
            "capacity_reservation_specification": [
              {
                "capacity_reservation_preference": "open",
                "capacity_reservation_target": []
              }
            ],
            "cpu_core_count": 1,
            "cpu_options": [
              {
                "amd_sev_snp": "",
                "core_count": 1,
                "threads_per_core": 1
              }
            ],
            "cpu_threads_per_core": 1,
            "credit_specification": [
              {
                "cpu_credits": "standard"
              }
            ],
            "disable_api_stop": false,
            "disable_api_termination": false,
            "ebs_block_device": [],
            "ebs_optimized": false,
            "enclave_options": [
              {
                "enabled": false
              }
            ],
            "ephemeral_block_device": [],
            "get_password_data": false,
            "hibernation": false,
            "host_id": "",
            "host_resource_group_arn": null,
            "iam_instance_profile": "",
            "id": "i-077cb6a953e53cef2",
            "instance_initiated_shutdown_behavior": "stop",
            "instance_state": "running",
            "instance_type": "t2.micro",
            "ipv6_address_count": 0,
            "ipv6_addresses": [],
            "key_name": "deployer-key",
            "launch_template": [],
            "maintenance_options": [
              {
                "auto_recovery": "default"
              }
            ],
            "metadata_options": [
              {
                "http_endpoint": "enabled",
                "http_put_response_hop_limit": 1,
                "http_tokens": "optional",
                "instance_metadata_tags": "disabled"
              }
            ],
            "monitoring": false,
            "network_interface": [],
            "outpost_arn": "",
            "password_data": "",
            "placement_group": "",
            "placement_partition_number": 0,
            "primary_network_interface_id": "eni-06fd8127ffd8ce592",
            "private_dns": "ip-172-31-22-234.ec2.internal",
            "private_dns_name_options": [
              {
                "enable_resource_name_dns_a_record": false,
                "enable_resource_name_dns_aaaa_record": false,
                "hostname_type": "ip-name"
              }
            ],
            "private_ip": "172.31.22.234",
            "public_dns": "ec2-54-91-121-93.compute-1.amazonaws.com",
            "public_ip": "54.91.121.93",
            "root_block_device": [
              {
                "delete_on_termination": true,
                "device_name": "/dev/xvda",
                "encrypted": false,
                "iops": 100,
                "kms_key_id": "",
                "tags": {},
                "throughput": 0,
                "volume_id": "vol-0ed0ee4634780a297",
                "volume_size": 30,
                "volume_type": "gp2"
              }
            ],
            "secondary_private_ips": [],
            "security_groups": [
              "nginx-sg"
            ],
            "source_dest_check": true,
            "subnet_id": "subnet-0265225c2a0a21725",
            "tags": {
              "Name": "database-server",
              "Role": "database"
            },
            "tags_all": {
              "Name": "database-server",
              "Role": "database"
            },
            "tenancy": "default",
            "timeouts": null,
            "user_data": "e100f35376a4d00eff2cee6571454f26853d2edd",
            "user_data_base64": null,
            "user_data_replace_on_change": false,
            "volume_tags": null,
            "vpc_security_group_ids": [
              "sg-04e01dddbdf66b9cf"
            ]
          },
          "sensitive_attributes": [],
          "identity_schema_version": 0,
          "private": "eyJlMmJmYjczMC1lY2FhLTExZTYtOGY4OC0zNDM2M2JjN2M0YzAiOnsiY3JlYXRlIjo2MDAwMDAwMDAwMDAsImRlbGV0ZSI6MTIwMDAwMDAwMDAwMCwidXBkYXRlIjo2MDAwMDAwMDAwMDB9LCJzY2hlbWFfdmVyc2lvbiI6IjEifQ==",
          "dependencies": [
            "aws_key_pair.deployer",
            "aws_security_group.web",
            "data.aws_ami.amazon_linux_2",
            "tls_private_key.key"
          ]
        }
      ]
    },
    {
      "mode": "managed",
      "type": "aws_instance",
      "name": "web",
      "provider": "provider[\"registry.terraform.io/hashicorp/aws\"]",
      "instances": [
        {
          "schema_version": 1,
          "attributes": {
            "ami": "ami-0ce09e2429ff33e52",
            "arn": "arn:aws:ec2:us-east-1:058264345521:instance/i-04a34680447f47ecb",
            "associate_public_ip_address": true,
            "availability_zone": "us-east-1b",
            "capacity_reservation_specification": [
              {
                "capacity_reservation_preference": "open",
                "capacity_reservation_target": []
              }
            ],
            "cpu_core_count": 1,
            "cpu_options": [
              {
                "amd_sev_snp": "",
                "core_count": 1,
                "threads_per_core": 1
              }
            ],
            "cpu_threads_per_core": 1,
            "credit_specification": [
              {
                "cpu_credits": "standard"
              }
            ],
            "disable_api_stop": false,
            "disable_api_termination": false,
            "ebs_block_device": [],
            "ebs_optimized": false,
            "enclave_options": [
              {
                "enabled": false
              }
            ],
            "ephemeral_block_device": [],
            "get_password_data": false,
            "hibernation": false,
            "host_id": "",
            "host_resource_group_arn": null,
            "iam_instance_profile": "",
            "id": "i-04a34680447f47ecb",
            "instance_initiated_shutdown_behavior": "stop",
            "instance_state": "running",
            "instance_type": "t2.micro",
            "ipv6_address_count": 0,
            "ipv6_addresses": [],
            "key_name": "deployer-key",
            "launch_template": [],
            "maintenance_options": [
              {
                "auto_recovery": "default"
              }
            ],
            "metadata_options": [
              {
                "http_endpoint": "enabled",
                "http_put_response_hop_limit": 1,
                "http_tokens": "optional",
                "instance_metadata_tags": "disabled"
              }
            ],
            "monitoring": false,
            "network_interface": [],
            "outpost_arn": "",
            "password_data": "",
            "placement_group": "",
            "placement_partition_number": 0,
            "primary_network_interface_id": "eni-013585f89a22821fe",
            "private_dns": "ip-172-31-29-70.ec2.internal",
            "private_dns_name_options": [
              {
                "enable_resource_name_dns_a_record": false,
                "enable_resource_name_dns_aaaa_record": false,
                "hostname_type": "ip-name"
              }
            ],
            "private_ip": "172.31.29.70",
            "public_dns": "ec2-18-208-171-34.compute-1.amazonaws.com",
            "public_ip": "18.208.171.34",
            "root_block_device": [
              {
                "delete_on_termination": true,
                "device_name": "/dev/xvda",
                "encrypted": false,
                "iops": 100,
                "kms_key_id": "",
                "tags": {},
                "throughput": 0,
                "volume_id": "vol-0d1335761ffb15419",
                "volume_size": 30,
                "volume_type": "gp2"
              }
            ],
            "secondary_private_ips": [],
            "security_groups": [
              "nginx-sg"
            ],
            "source_dest_check": true,
            "subnet_id": "subnet-0265225c2a0a21725",
            "tags": {
              "Name": "nginx-server"
            },
            "tags_all": {
              "Name": "nginx-server"
            },
            "tenancy": "default",
            "timeouts": null,
            "user_data": "393055df15201bf17a7c42bcdd2383f24cb73c66",
            "user_data_base64": null,
            "user_data_replace_on_change": false,
            "volume_tags": null,
            "vpc_security_group_ids": [
              "sg-04e01dddbdf66b9cf"
            ]
          },
          "sensitive_attributes": [],
          "identity_schema_version": 0,
          "private": "eyJlMmJmYjczMC1lY2FhLTExZTYtOGY4OC0zNDM2M2JjN2M0YzAiOnsiY3JlYXRlIjo2MDAwMDAwMDAwMDAsImRlbGV0ZSI6MTIwMDAwMDAwMDAwMCwidXBkYXRlIjo2MDAwMDAwMDAwMDB9LCJzY2hlbWFfdmVyc2lvbiI6IjEifQ==",
          "dependencies": [
            "aws_key_pair.deployer",
            "aws_security_group.web",
            "data.aws_ami.amazon_linux_2",
            "tls_private_key.key"
          ]
        }
      ]
    },
    {
      "mode": "managed",
      "type": "aws_key_pair",
      "name": "deployer",
      "provider": "provider[\"registry.terraform.io/hashicorp/aws\"]",
      "instances": [
        {
          "schema_version": 1,
          "attributes": {
            "arn": "arn:aws:ec2:us-east-1:058264345521:key-pair/deployer-key",
            "fingerprint": "f1:4b:d0:57:0c:ba:27:1e:c8:fd:80:4e:ad:23:0f:cd",
            "id": "deployer-key",
            "key_name": "deployer-key",
            "key_name_prefix": "",
            "key_pair_id": "key-0af789710c04dc97e",
            "key_type": "rsa",
            "public_key": "ssh-rsa AAAAB3NzaC1yc2EAAAADAQABAAACAQC3golSgv9OaXs+y665c9YegjNUeiuSrJ5QevgCpTU0OGZ7ZSul1wzNOG4+W/nh46BEvtFnm/YusKlt35KMOyC4EyzJQjT7ZW2ZDqqS9uI+ooARUXeM+A6XyrEmGgNUmDdnZGRZPH1s6oDi/xMQXr+pCu1IC9ajaZpgO6ABfjVQVuTbUbEWO3XrvzbUmRi55/Q3Zwfh8svAOz9JbuctY2l1BCRHY11WF2WrVW9qS4jtj+2L3ACtrVo7sDYRu1UNIZCNu4brVXA1+D0tcBcpr2Es9UkxrjUoMiOfDFAEo98RlfwKZAhiJGUFcc5cPD15XUYWWCjoBxkGqYX1IfKdYx4SSTqmDMOvQ4naJEdJTICfJARPGiMZG0XTS9XxXRdPNo2VXeP6IBa5BmnvloQouI+j2ji11U1zEfWac7GdJyvf93NVlSVNod99eib4Onov3on8kmMOvFFv53hwKwECYPdl0GsdVl8pHhM72/cdBdHg8EYdJqMGRo5qydQ1/zpfNnIXqfQAIOVbf7QH1f9TJ8s98xhgQ0zJw5Imlqv1DvAsw7qzX9kMTIKbZeU3vAuyjLDdONWsV+T+Irvqk0NcmmefGmPc3kvjz1En1F7Q2DyD+w5mqZvI5p726od3tSrUWn/ibzgkdstFXhS2U8gjWDZy9U1xLnd2Sm0n6joLKKMLBw==",
            "tags": {},
            "tags_all": {}
          },
          "sensitive_attributes": [],
          "identity_schema_version": 0,
          "private": "eyJzY2hlbWFfdmVyc2lvbiI6IjEifQ==",
          "dependencies": [
            "tls_private_key.key"
          ]
        }
      ]
    },
    {
      "mode": "managed",
      "type": "aws_s3_bucket",
      "name": "demo_bucket",
      "provider": "provider[\"registry.terraform.io/hashicorp/aws\"]",
      "instances": [
        {
          "schema_version": 0,
          "attributes": {
            "acceleration_status": "",
            "acl": null,
            "arn": "arn:aws:s3:::monbucketexotp2",
            "bucket": "monbucketexotp2",
            "bucket_domain_name": "monbucketexotp2.s3.amazonaws.com",
            "bucket_prefix": "",
            "bucket_regional_domain_name": "monbucketexotp2.s3.amazonaws.com",
            "cors_rule": [],
            "force_destroy": false,
            "grant": [
              {
                "id": "c0f4e528112854cd0c351e3660879d913531082b731619624f6a87905674691c",
                "permissions": [
                  "FULL_CONTROL"
                ],
                "type": "CanonicalUser",
                "uri": ""
              }
            ],
            "hosted_zone_id": "Z3AQBSTGFYJSTF",
            "id": "monbucketexotp2",
            "lifecycle_rule": [],
            "logging": [],
            "object_lock_configuration": [],
            "object_lock_enabled": false,
            "policy": "{\"Statement\":[{\"Action\":\"s3:GetObject\",\"Effect\":\"Allow\",\"Principal\":\"*\",\"Resource\":\"arn:aws:s3:::monbucketexotp2/*\",\"Sid\":\"PublicRead\"}],\"Version\":\"2012-10-17\"}",
            "region": "us-east-1",
            "replication_configuration": [],
            "request_payer": "BucketOwner",
            "server_side_encryption_configuration": [
              {
                "rule": [
                  {
                    "apply_server_side_encryption_by_default": [
                      {
                        "kms_master_key_id": "",
                        "sse_algorithm": "AES256"
                      }
                    ],
                    "bucket_key_enabled": false
                  }
                ]
              }
            ],
            "tags": {},
            "tags_all": {},
            "timeouts": null,
            "versioning": [
              {
                "enabled": true,
                "mfa_delete": false
              }
            ],
            "website": [],
            "website_domain": null,
            "website_endpoint": null
          },
          "sensitive_attributes": [],
          "identity_schema_version": 0,
          "private": "eyJlMmJmYjczMC1lY2FhLTExZTYtOGY4OC0zNDM2M2JjN2M0YzAiOnsiY3JlYXRlIjoxMjAwMDAwMDAwMDAwLCJkZWxldGUiOjM2MDAwMDAwMDAwMDAsInJlYWQiOjEyMDAwMDAwMDAwMDAsInVwZGF0ZSI6MTIwMDAwMDAwMDAwMH19"
        }
      ]
    },
    {
      "mode": "managed",
      "type": "aws_s3_bucket_policy",
      "name": "demo_bucket_policy",
      "provider": "provider[\"registry.terraform.io/hashicorp/aws\"]",
      "instances": [
        {
          "schema_version": 0,
          "attributes": {
            "bucket": "monbucketexotp2",
            "id": "monbucketexotp2",
            "policy": "{\"Statement\":[{\"Action\":[\"s3:GetObject\"],\"Effect\":\"Allow\",\"Principal\":\"*\",\"Resource\":\"arn:aws:s3:::monbucketexotp2/*\",\"Sid\":\"PublicRead\"}],\"Version\":\"2012-10-17\"}"
          },
          "sensitive_attributes": [],
          "identity_schema_version": 0,
          "private": "bnVsbA==",
          "dependencies": [
            "aws_s3_bucket.demo_bucket",
            "aws_s3_bucket_public_access_block.demo_bucket_public_access"
          ]
        }
      ]
    },
    {
      "mode": "managed",
      "type": "aws_s3_bucket_public_access_block",
      "name": "demo_bucket_public_access",
      "provider": "provider[\"registry.terraform.io/hashicorp/aws\"]",
      "instances": [
        {
          "schema_version": 0,
          "attributes": {
            "block_public_acls": false,
            "block_public_policy": false,
            "bucket": "monbucketexotp2",
            "id": "monbucketexotp2",
            "ignore_public_acls": false,
            "restrict_public_buckets": false
          },
          "sensitive_attributes": [],
          "identity_schema_version": 0,
          "private": "bnVsbA==",
          "dependencies": [
            "aws_s3_bucket.demo_bucket"
          ]
        }
      ]
    },
    {
      "mode": "managed",
      "type": "aws_s3_bucket_versioning",
      "name": "demo_bucket_versioning",
      "provider": "provider[\"registry.terraform.io/hashicorp/aws\"]",
      "instances": [
        {
          "schema_version": 0,
          "attributes": {
            "bucket": "monbucketexotp2",
            "expected_bucket_owner": "",
            "id": "monbucketexotp2",
            "mfa": null,
            "versioning_configuration": [
              {
                "mfa_delete": "",
                "status": "Enabled"
              }
            ]
          },
          "sensitive_attributes": [],
          "identity_schema_version": 0,
          "private": "bnVsbA==",
          "dependencies": [
            "aws_s3_bucket.demo_bucket"
          ]
        }
      ]
    },
    {
      "mode": "managed",
      "type": "aws_s3_object",
      "name": "demo_object",
      "provider": "provider[\"registry.terraform.io/hashicorp/aws\"]",
      "instances": [
        {
          "schema_version": 0,
          "attributes": {
            "acl": "private",
            "bucket": "monbucketexotp2",
            "bucket_key_enabled": false,
            "cache_control": "",
            "content": null,
            "content_base64": null,
            "content_disposition": "",
            "content_encoding": "",
            "content_language": "",
            "content_type": "text/plain",
            "etag": "d1f8ceb565d82492446592817082851b",
            "force_destroy": false,
            "id": "hello-world.txt",
            "key": "hello-world.txt",
            "kms_key_id": null,
            "metadata": {},
            "object_lock_legal_hold_status": "",
            "object_lock_mode": "",
            "object_lock_retain_until_date": "",
            "server_side_encryption": "AES256",
            "source": "./test-file.txt",
            "source_hash": null,
            "storage_class": "STANDARD",
            "tags": {},
            "tags_all": {},
            "version_id": "IIzpT3U02P3fJmjhrmC773JDET7IPZIL",
            "website_redirect": ""
          },
          "sensitive_attributes": [],
          "identity_schema_version": 0,
          "private": "bnVsbA==",
          "dependencies": [
            "aws_s3_bucket.demo_bucket"
          ]
        }
      ]
    },
    {
      "mode": "managed",
      "type": "aws_security_group",
      "name": "web",
      "provider": "provider[\"registry.terraform.io/hashicorp/aws\"]",
      "instances": [
        {
          "schema_version": 1,
          "attributes": {
            "arn": "arn:aws:ec2:us-east-1:058264345521:security-group/sg-04e01dddbdf66b9cf",
            "description": "Allow web and SSH traffic",
            "egress": [
              {
                "cidr_blocks": [
                  "0.0.0.0/0"
                ],
                "description": "Allow all outbound traffic",
                "from_port": 0,
                "ipv6_cidr_blocks": [],
                "prefix_list_ids": [],
                "protocol": "-1",
                "security_groups": [],
                "self": false,
                "to_port": 0
              }
            ],
            "id": "sg-04e01dddbdf66b9cf",
            "ingress": [
              {
                "cidr_blocks": [
                  "0.0.0.0/0"
                ],
                "description": "Allow HTTP traffic",
                "from_port": 80,
                "ipv6_cidr_blocks": [],
                "prefix_list_ids": [],
                "protocol": "tcp",
                "security_groups": [],
                "self": false,
                "to_port": 80
              },
              {
                "cidr_blocks": [
                  "0.0.0.0/0"
                ],
                "description": "Allow SSH traffic",
                "from_port": 22,
                "ipv6_cidr_blocks": [],
                "prefix_list_ids": [],
                "protocol": "tcp",
                "security_groups": [],
                "self": false,
                "to_port": 22
              }
            ],
            "name": "nginx-sg",
            "name_prefix": "",
            "owner_id": "058264345521",
            "revoke_rules_on_delete": false,
            "tags": {
              "Name": "nginx-sg"
            },
            "tags_all": {
              "Name": "nginx-sg"
            },
            "timeouts": null,
            "vpc_id": "vpc-0afaa4916395a6b6b"
          },
          "sensitive_attributes": [],
          "identity_schema_version": 0,
          "private": "eyJlMmJmYjczMC1lY2FhLTExZTYtOGY4OC0zNDM2M2JjN2M0YzAiOnsiY3JlYXRlIjo2MDAwMDAwMDAwMDAsImRlbGV0ZSI6OTAwMDAwMDAwMDAwfSwic2NoZW1hX3ZlcnNpb24iOiIxIn0="
        }
      ]
    },
    {
      "mode": "managed",
      "type": "local_file",
      "name": "private_key",
      "provider": "provider[\"registry.terraform.io/hashicorp/local\"]",
      "instances": [
        {
          "schema_version": 0,
          "attributes": {
            "content": "-----BEGIN RSA PRIVATE KEY-----\nMIIJKQIBAAKCAgEAt4KJUoL/Tml7PsuuuXPWHoIzVHorkqyeUHr4AqU1NDhme2Ur\npdcMzThuPlv54eOgRL7RZ5v2LrCpbd+SjDsguBMsyUI0+2VtmQ6qkvbiPqKAEVF3\njPgOl8qxJhoDVJg3Z2RkWTx9bOqA4v8TEF6/qQrtSAvWo2maYDugAX41UFbk21Gx\nFjt167821JkYuef0N2cH4fLLwDs/SW7nLWNpdQQkR2NdVhdlq1VvakuI7Y/ti9wA\nra1aO7A2EbtVDSGQjbuG61VwNfg9LXAXKa9hLPVJMa41KDIjnwxQBKPfEZX8CmQI\nYiRlBXHOXDw9eV1GFlgo6AcZBqmF9SHynWMeEkk6pgzDr0OJ2iRHSUyAnyQETxoj\nGRtF00vV8V0XTzaNlV3j+iAWuQZp75aEKLiPo9o4tdVNcxH1mnOxnScr3/dzVZUl\nTaHffXom+Dp6L96J/JJjDrxRb+d4cCsBAmD3ZdBrHVZfKR4TO9v3HQXR4PBGHSaj\nBkaOasnUNf86XzZyF6n0ACDlW3+0B9X/UyfLPfMYYENMycOSJpar9Q7wLMO6s1/Z\nDEyCm2XlN7wLsoyw3TjVrFfk/iK76pNDXJpnnxpj3N5L489RJ9Re0Ng8g/sOZqmb\nyOae9uqHd7Uq1Fp/4m84JHbLRV4UtlPII1g2cvVNcS53dkptJ+o6CyijCwcCAwEA\nAQKCAgAYccJ3Y8ISFgSX7PYqzO5+OjYP2trtWvdsXVz7ro8OPt8Ohn+lw9DNkLvw\nAZIhJWWcEqupOKy2iSDLOnyhF7U4NTxXg21e+Xf7wJOMfRIjvsNUIJJ4tt2WxFC2\n9Gsc0c6Q2V4b8Zim2/vsK4caEfec0xBKyGJAepjY7chWupLrzzoFVEtEXLT3Vg1o\njLYu+WIIyT19uw5Us8UD3p/bu2zOQg16bEGAGMtvDbPdfbn7zxrDm7wuu7M+f9lL\n9l9ndDZMXZOkyx47NNnNW4DdCXgRJDaqRVGJDQNoCcdU6ZFAHJxUtADWizuLr0kK\nSe9JuIOABsv4JbiPMHYKx7QI2VhQDycIsgdc4RrHB63Va5FCUZj1SC2nQ060CzrY\nfpOAsWmdJWO3PwlPEo4EBVrqUPcOi8jXVYdZooVROfzIDHBgpMSgLSMRtdaDKb1z\n6U66AQXlRSR7+QDyIb06Z86oPHlbsYSMpML2iLY06XZB99q+3owZflsO4P/dFJhP\niMNeQ4ccZ7u/886jMwgdhqhGvbkat23Qu0BOKYSRVOznECWrmlO66BNNZt5/92EE\nUlfWV9XjPEC8wlRtVa6dHH5N1FpbAJjQvHGG8BSg07cMqRah4+KqnBykaXAmSsVU\nbrRVrPPtoimjcLqzb6AAzerWG2tdxCbKQ96/mYaetKPDEFOXSQKCAQEA0gcv4lwx\nYAz4EzvcGlbadJmaNI+8WzN6amAPl30QNqWjeyHh0iz3AEo5oQBTlqfDjYdiHR8l\njlUrtR9CTB5fDtnno72ZkHH51Jh4t08w1swEBrsg0ErnoqYulJbk0iVHdwProwuX\nV7SW9JBI//UEpMOGZU3134fQHFEuHIBKNyKU885paKnbb9OvcST6JL1urEadJsCt\nuAkrmdY/Lt1OAt86tsDkrvUJj04HjUBa6KHUXmc/X2+iX3+MlkKaD7a/5e63b4qq\neiuZ2t/rH+ex/OSHWwN/ZHPNdI7U2fF5uYTWYUchiZVLnHkqGPh/+NEx7862fy3/\n9S4R+zePP1I3/wKCAQEA361q9jWc8wj84CPOoVj1w61Ofubhf+U+x11dYL6+GvL4\nIIAk/9vdVElOQYRKtWSxESWxoD3ZkWakFkHeA4rnSCak8s90MReLPAI2w8asDHEd\n6LSl5ppTMMbuv8Fyt8tfs/mlmi1nhwkwMkICF/lpTxpyIAKy3VlOsFhJRdKpBZW5\nybTurrHBxNW84b4y7cxMzNec1L1fbH7VZf8GQf8uVzrKFhpYUZwXGmeN2F6ij3sM\n1lijFRzuBruqvh0aQxgTIrExiUGxtlxyxA4UOFrBGKvktZIv2NOF7I1Oe7Nfcv8W\nI7ZEHo4qNfILCr5k/w9HOR6cL+tjryeM+YJHtfVs+QKCAQEAxgN4pdV9x6zyhk+9\naCfStnPK6xtI3kNeesQubwi+LIdl5kU/fsRd66wPQTfplvR8bgbh/crLwbGTD6R1\nAQbxYDMZLUsoaQLMJB/MUCcdSKX4ddAfU8ILOVGsQPMysN3szsyncIURHuNoHxOZ\nf5gl1KFzKDekRCbrkocHDl/1mJ3GCUbmIoNiG8BcfDP8kn72xP2eVFb8cbJTpSpV\nT33eet6zoHGkKT9kz/MlM4slKobIjmiRWw0I7Th394K7dW065zF1SHhX2e8Zkz3h\nk6cCLAfZhXl6td5oKigvjXsY5EvVQsmpWOmk69VgV0KShKfWiN0/OhDIbQQOd+cd\n6vk9SQKCAQEAsvzXmdu/Ey//AvFEWRKR35qgNKZWjnyIpwpMPa2E/JWu/nrsoJ10\n2AytBXpyOgMwOfN61yqHHnYPGgxtN1KAzti1p+NgLCSV81gmMLWbWX1vHJbqJsUZ\niu+1f1aykOa6V4+O9/gbXxB4M89kU4DuxzD3YCwoqz3a3PxY7fmr7V8pw4H4eWyf\nDP6oXdBQer/AOS7UPdyoLm60HyFbBZbIo17U9ajxQaTxS9zPwfPAi6ZA2IknPy7e\nPh8Qe39YU5ZBQcKfTCF4rt/9qmtFvO7KlA6BPtaTWSOyiF9vDUe1OpVrRvqEOhsz\nJeXg9iDzOrMkIE4hV6s6IqA4jDS3Y6DYKQKCAQAcOICARF9kxYP4YhnYdlHGiWNr\nXPrzrlsc9LyoSh5mGFD9+OWEwLpaSzCD5kHtyEDXODZvlSJMbfLtmb2USbTYvuS5\nIkg0NO4quH/VhsLXFrAh1RbYAQAHApvgSaHpfBW7sU4gXxBD1G4Dzw57QwHAwPdF\n/IE9OY0TbIMyOtK3hb9iddZx64GXSKbrL8JPP+hI/vtOFYqd+uAQIm1LuuFRU9x5\ndmS8a2SK9MIc4hTHDcGgK1C9o7HppsfuEYgkMCZAGK7RFm9Y6w+4ZWgq304pIvhA\nj9kCogzcJCu2tnPoMIx66uDbGsQofdxwABtUlZAHuadSnIMng5/sZiJ8A7ZN\n-----END RSA PRIVATE KEY-----\n",
            "content_base64": null,
            "content_base64sha256": "TfkL7lXtdl+7WqHGhgKr/nouA73c2Y9B/Dlub3HfWZc=",
            "content_base64sha512": "XjjSyaFMIF8nuDNyRiNOgkQ4IDY2VaPK24h5bap/QU4DwB7BZeYsmwCf6LqXht7ga7X4me6ODF05/odCGhDS6Q==",
            "content_md5": "38f167d4815cc2568c614537881d5d04",
            "content_sha1": "8acbf8bdfd0fafd06fe3ed5a8958ef6e3c6fbc51",
            "content_sha256": "4df90bee55ed765fbb5aa1c68602abfe7a2e03bddcd98f41fc396e6f71df5997",
            "content_sha512": "5e38d2c9a14c205f27b8337246234e82443820363655a3cadb88796daa7f414e03c01ec165e62c9b009fe8ba9786dee06bb5f899ee8e0c5d39fe87421a10d2e9",
            "directory_permission": "0777",
            "file_permission": "0600",
            "filename": "./deployer-key.pem",
            "id": "8acbf8bdfd0fafd06fe3ed5a8958ef6e3c6fbc51",
            "sensitive_content": null,
            "source": null
          },
          "sensitive_attributes": [
            [
              {
                "type": "get_attr",
                "value": "content"
              }
            ],
            [
              {
                "type": "get_attr",
                "value": "sensitive_content"
              }
            ]
          ],
          "identity_schema_version": 0,
          "dependencies": [
            "tls_private_key.key"
          ]
        }
      ]
    },
    {
      "mode": "managed",
      "type": "tls_private_key",
      "name": "key",
      "provider": "provider[\"registry.terraform.io/hashicorp/tls\"]",
      "instances": [
        {
          "schema_version": 1,
          "attributes": {
            "algorithm": "RSA",
            "ecdsa_curve": "P224",
            "id": "e9cd9e2bad796ccaad870583bbca580e0a3d5c80",
            "private_key_openssh": "-----BEGIN OPENSSH PRIVATE KEY-----\nb3BlbnNzaC1rZXktdjEAAAAABG5vbmUAAAAEbm9uZQAAAAAAAAABAAACFwAAAAdz\nc2gtcnNhAAAAAwEAAQAAAgEAt4KJUoL/Tml7PsuuuXPWHoIzVHorkqyeUHr4AqU1\nNDhme2UrpdcMzThuPlv54eOgRL7RZ5v2LrCpbd+SjDsguBMsyUI0+2VtmQ6qkvbi\nPqKAEVF3jPgOl8qxJhoDVJg3Z2RkWTx9bOqA4v8TEF6/qQrtSAvWo2maYDugAX41\nUFbk21GxFjt167821JkYuef0N2cH4fLLwDs/SW7nLWNpdQQkR2NdVhdlq1VvakuI\n7Y/ti9wAra1aO7A2EbtVDSGQjbuG61VwNfg9LXAXKa9hLPVJMa41KDIjnwxQBKPf\nEZX8CmQIYiRlBXHOXDw9eV1GFlgo6AcZBqmF9SHynWMeEkk6pgzDr0OJ2iRHSUyA\nnyQETxojGRtF00vV8V0XTzaNlV3j+iAWuQZp75aEKLiPo9o4tdVNcxH1mnOxnScr\n3/dzVZUlTaHffXom+Dp6L96J/JJjDrxRb+d4cCsBAmD3ZdBrHVZfKR4TO9v3HQXR\n4PBGHSajBkaOasnUNf86XzZyF6n0ACDlW3+0B9X/UyfLPfMYYENMycOSJpar9Q7w\nLMO6s1/ZDEyCm2XlN7wLsoyw3TjVrFfk/iK76pNDXJpnnxpj3N5L489RJ9Re0Ng8\ng/sOZqmbyOae9uqHd7Uq1Fp/4m84JHbLRV4UtlPII1g2cvVNcS53dkptJ+o6Cyij\nCwcAAAc4NhQ8LjYUPC4AAAAHc3NoLXJzYQAAAgEAt4KJUoL/Tml7PsuuuXPWHoIz\nVHorkqyeUHr4AqU1NDhme2UrpdcMzThuPlv54eOgRL7RZ5v2LrCpbd+SjDsguBMs\nyUI0+2VtmQ6qkvbiPqKAEVF3jPgOl8qxJhoDVJg3Z2RkWTx9bOqA4v8TEF6/qQrt\nSAvWo2maYDugAX41UFbk21GxFjt167821JkYuef0N2cH4fLLwDs/SW7nLWNpdQQk\nR2NdVhdlq1VvakuI7Y/ti9wAra1aO7A2EbtVDSGQjbuG61VwNfg9LXAXKa9hLPVJ\nMa41KDIjnwxQBKPfEZX8CmQIYiRlBXHOXDw9eV1GFlgo6AcZBqmF9SHynWMeEkk6\npgzDr0OJ2iRHSUyAnyQETxojGRtF00vV8V0XTzaNlV3j+iAWuQZp75aEKLiPo9o4\ntdVNcxH1mnOxnScr3/dzVZUlTaHffXom+Dp6L96J/JJjDrxRb+d4cCsBAmD3ZdBr\nHVZfKR4TO9v3HQXR4PBGHSajBkaOasnUNf86XzZyF6n0ACDlW3+0B9X/UyfLPfMY\nYENMycOSJpar9Q7wLMO6s1/ZDEyCm2XlN7wLsoyw3TjVrFfk/iK76pNDXJpnnxpj\n3N5L489RJ9Re0Ng8g/sOZqmbyOae9uqHd7Uq1Fp/4m84JHbLRV4UtlPII1g2cvVN\ncS53dkptJ+o6CyijCwcAAAADAQABAAACABhxwndjwhIWBJfs9irM7n46Ng/a2u1a\n92xdXPuujw4+3w6Gf6XD0M2Qu/ABkiElZZwSq6k4rLaJIMs6fKEXtTg1PFeDbV75\nd/vAk4x9EiO+w1Qgkni23ZbEULb0axzRzpDZXhvxmKbb++wrhxoR95zTEErIYkB6\nmNjtyFa6kuvPOgVUS0RctPdWDWiMti75YgjJPX27DlSzxQPen9u7bM5CDXpsQYAY\ny28Ns919ufvPGsObvC67sz5/2Uv2X2d0Nkxdk6TLHjs02c1bgN0JeBEkNqpFUYkN\nA2gJx1TpkUAcnFS0ANaLO4uvSQpJ70m4g4AGy/gluI8wdgrHtAjZWFAPJwiyB1zh\nGscHrdVrkUJRmPVILadDTrQLOth+k4CxaZ0lY7c/CU8SjgQFWupQ9w6LyNdVh1mi\nhVE5/MgMcGCkxKAtIxG11oMpvXPpTroBBeVFJHv5APIhvTpnzqg8eVuxhIykwvaI\ntjTpdkH32r7ejBl+Ww7g/90UmE+Iw15Dhxxnu7/zzqMzCB2GqEa9uRq3bdC7QE4p\nhJFU7OcQJauaU7roE01m3n/3YQRSV9ZX1eM8QLzCVG1Vrp0cfk3UWlsAmNC8cYbw\nFKDTtwypFqHj4qqcHKRpcCZKxVRutFWs8+2iKaNwurNvoADN6tYba13EJspD3r+Z\nhp60o8MQU5dJAAABABw4gIBEX2TFg/hiGdh2UcaJY2tc+vOuWxz0vKhKHmYYUP34\n5YTAulpLMIPmQe3IQNc4Nm+VIkxt8u2ZvZRJtNi+5LkiSDQ07iq4f9WGwtcWsCHV\nFtgBAAcCm+BJoel8FbuxTiBfEEPUbgPPDntDAcDA90X8gT05jRNsgzI60reFv2J1\n1nHrgZdIpusvwk8/6Ej++04Vip364BAibUu64VFT3Hl2ZLxrZIr0whziFMcNwaAr\nUL2jsemmx+4RiCQwJkAYrtEWb1jrD7hlaCrfTiki+ECP2QKiDNwkK7a2c+gwjHrq\n4NsaxCh93HAAG1SVkAe5p1KcgyeDn+xmInwDtk0AAAEBANIHL+JcMWAM+BM73BpW\n2nSZmjSPvFszempgD5d9EDalo3sh4dIs9wBKOaEAU5anw42HYh0fJY5VK7UfQkwe\nXw7Z56O9mZBx+dSYeLdPMNbMBAa7INBK56KmLpSW5NIlR3cD66MLl1e0lvSQSP/1\nBKTDhmVN9d+H0BxRLhyASjcilPPOaWip22/Tr3Ek+iS9bqxGnSbArbgJK5nWPy7d\nTgLfOrbA5K71CY9OB41AWuih1F5nP19vol9/jJZCmg+2v+Xut2+Kqnormdrf6x/n\nsfzkh1sDf2RzzXSO1NnxebmE1mFHIYmVS5x5Khj4f/jRMe/Otn8t//UuEfs3jz9S\nN/8AAAEBAN+tavY1nPMI/OAjzqFY9cOtTn7m4X/lPsddXWC+vhry+CCAJP/b3VRJ\nTkGESrVksRElsaA92ZFmpBZB3gOK50gmpPLPdDEXizwCNsPGrAxxHei0peaaUzDG\n7r/BcrfLX7P5pZotZ4cJMDJCAhf5aU8aciACst1ZTrBYSUXSqQWVucm07q6xwcTV\nvOG+Mu3MTMzXnNS9X2x+1WX/BkH/Llc6yhYaWFGcFxpnjdheoo97DNZYoxUc7ga7\nqr4dGkMYEyKxMYlBsbZccsQOFDhawRir5LWSL9jTheyNTnuzX3L/FiO2RB6OKjXy\nCwq+ZP8PRzkenC/rY68njPmCR7X1bPkAAAAAAQID\n-----END OPENSSH PRIVATE KEY-----\n",
            "private_key_pem": "-----BEGIN RSA PRIVATE KEY-----\nMIIJKQIBAAKCAgEAt4KJUoL/Tml7PsuuuXPWHoIzVHorkqyeUHr4AqU1NDhme2Ur\npdcMzThuPlv54eOgRL7RZ5v2LrCpbd+SjDsguBMsyUI0+2VtmQ6qkvbiPqKAEVF3\njPgOl8qxJhoDVJg3Z2RkWTx9bOqA4v8TEF6/qQrtSAvWo2maYDugAX41UFbk21Gx\nFjt167821JkYuef0N2cH4fLLwDs/SW7nLWNpdQQkR2NdVhdlq1VvakuI7Y/ti9wA\nra1aO7A2EbtVDSGQjbuG61VwNfg9LXAXKa9hLPVJMa41KDIjnwxQBKPfEZX8CmQI\nYiRlBXHOXDw9eV1GFlgo6AcZBqmF9SHynWMeEkk6pgzDr0OJ2iRHSUyAnyQETxoj\nGRtF00vV8V0XTzaNlV3j+iAWuQZp75aEKLiPo9o4tdVNcxH1mnOxnScr3/dzVZUl\nTaHffXom+Dp6L96J/JJjDrxRb+d4cCsBAmD3ZdBrHVZfKR4TO9v3HQXR4PBGHSaj\nBkaOasnUNf86XzZyF6n0ACDlW3+0B9X/UyfLPfMYYENMycOSJpar9Q7wLMO6s1/Z\nDEyCm2XlN7wLsoyw3TjVrFfk/iK76pNDXJpnnxpj3N5L489RJ9Re0Ng8g/sOZqmb\nyOae9uqHd7Uq1Fp/4m84JHbLRV4UtlPII1g2cvVNcS53dkptJ+o6CyijCwcCAwEA\nAQKCAgAYccJ3Y8ISFgSX7PYqzO5+OjYP2trtWvdsXVz7ro8OPt8Ohn+lw9DNkLvw\nAZIhJWWcEqupOKy2iSDLOnyhF7U4NTxXg21e+Xf7wJOMfRIjvsNUIJJ4tt2WxFC2\n9Gsc0c6Q2V4b8Zim2/vsK4caEfec0xBKyGJAepjY7chWupLrzzoFVEtEXLT3Vg1o\njLYu+WIIyT19uw5Us8UD3p/bu2zOQg16bEGAGMtvDbPdfbn7zxrDm7wuu7M+f9lL\n9l9ndDZMXZOkyx47NNnNW4DdCXgRJDaqRVGJDQNoCcdU6ZFAHJxUtADWizuLr0kK\nSe9JuIOABsv4JbiPMHYKx7QI2VhQDycIsgdc4RrHB63Va5FCUZj1SC2nQ060CzrY\nfpOAsWmdJWO3PwlPEo4EBVrqUPcOi8jXVYdZooVROfzIDHBgpMSgLSMRtdaDKb1z\n6U66AQXlRSR7+QDyIb06Z86oPHlbsYSMpML2iLY06XZB99q+3owZflsO4P/dFJhP\niMNeQ4ccZ7u/886jMwgdhqhGvbkat23Qu0BOKYSRVOznECWrmlO66BNNZt5/92EE\nUlfWV9XjPEC8wlRtVa6dHH5N1FpbAJjQvHGG8BSg07cMqRah4+KqnBykaXAmSsVU\nbrRVrPPtoimjcLqzb6AAzerWG2tdxCbKQ96/mYaetKPDEFOXSQKCAQEA0gcv4lwx\nYAz4EzvcGlbadJmaNI+8WzN6amAPl30QNqWjeyHh0iz3AEo5oQBTlqfDjYdiHR8l\njlUrtR9CTB5fDtnno72ZkHH51Jh4t08w1swEBrsg0ErnoqYulJbk0iVHdwProwuX\nV7SW9JBI//UEpMOGZU3134fQHFEuHIBKNyKU885paKnbb9OvcST6JL1urEadJsCt\nuAkrmdY/Lt1OAt86tsDkrvUJj04HjUBa6KHUXmc/X2+iX3+MlkKaD7a/5e63b4qq\neiuZ2t/rH+ex/OSHWwN/ZHPNdI7U2fF5uYTWYUchiZVLnHkqGPh/+NEx7862fy3/\n9S4R+zePP1I3/wKCAQEA361q9jWc8wj84CPOoVj1w61Ofubhf+U+x11dYL6+GvL4\nIIAk/9vdVElOQYRKtWSxESWxoD3ZkWakFkHeA4rnSCak8s90MReLPAI2w8asDHEd\n6LSl5ppTMMbuv8Fyt8tfs/mlmi1nhwkwMkICF/lpTxpyIAKy3VlOsFhJRdKpBZW5\nybTurrHBxNW84b4y7cxMzNec1L1fbH7VZf8GQf8uVzrKFhpYUZwXGmeN2F6ij3sM\n1lijFRzuBruqvh0aQxgTIrExiUGxtlxyxA4UOFrBGKvktZIv2NOF7I1Oe7Nfcv8W\nI7ZEHo4qNfILCr5k/w9HOR6cL+tjryeM+YJHtfVs+QKCAQEAxgN4pdV9x6zyhk+9\naCfStnPK6xtI3kNeesQubwi+LIdl5kU/fsRd66wPQTfplvR8bgbh/crLwbGTD6R1\nAQbxYDMZLUsoaQLMJB/MUCcdSKX4ddAfU8ILOVGsQPMysN3szsyncIURHuNoHxOZ\nf5gl1KFzKDekRCbrkocHDl/1mJ3GCUbmIoNiG8BcfDP8kn72xP2eVFb8cbJTpSpV\nT33eet6zoHGkKT9kz/MlM4slKobIjmiRWw0I7Th394K7dW065zF1SHhX2e8Zkz3h\nk6cCLAfZhXl6td5oKigvjXsY5EvVQsmpWOmk69VgV0KShKfWiN0/OhDIbQQOd+cd\n6vk9SQKCAQEAsvzXmdu/Ey//AvFEWRKR35qgNKZWjnyIpwpMPa2E/JWu/nrsoJ10\n2AytBXpyOgMwOfN61yqHHnYPGgxtN1KAzti1p+NgLCSV81gmMLWbWX1vHJbqJsUZ\niu+1f1aykOa6V4+O9/gbXxB4M89kU4DuxzD3YCwoqz3a3PxY7fmr7V8pw4H4eWyf\nDP6oXdBQer/AOS7UPdyoLm60HyFbBZbIo17U9ajxQaTxS9zPwfPAi6ZA2IknPy7e\nPh8Qe39YU5ZBQcKfTCF4rt/9qmtFvO7KlA6BPtaTWSOyiF9vDUe1OpVrRvqEOhsz\nJeXg9iDzOrMkIE4hV6s6IqA4jDS3Y6DYKQKCAQAcOICARF9kxYP4YhnYdlHGiWNr\nXPrzrlsc9LyoSh5mGFD9+OWEwLpaSzCD5kHtyEDXODZvlSJMbfLtmb2USbTYvuS5\nIkg0NO4quH/VhsLXFrAh1RbYAQAHApvgSaHpfBW7sU4gXxBD1G4Dzw57QwHAwPdF\n/IE9OY0TbIMyOtK3hb9iddZx64GXSKbrL8JPP+hI/vtOFYqd+uAQIm1LuuFRU9x5\ndmS8a2SK9MIc4hTHDcGgK1C9o7HppsfuEYgkMCZAGK7RFm9Y6w+4ZWgq304pIvhA\nj9kCogzcJCu2tnPoMIx66uDbGsQofdxwABtUlZAHuadSnIMng5/sZiJ8A7ZN\n-----END RSA PRIVATE KEY-----\n",
            "private_key_pem_pkcs8": "-----BEGIN PRIVATE KEY-----\nMIIJQwIBADANBgkqhkiG9w0BAQEFAASCCS0wggkpAgEAAoICAQC3golSgv9OaXs+\ny665c9YegjNUeiuSrJ5QevgCpTU0OGZ7ZSul1wzNOG4+W/nh46BEvtFnm/YusKlt\n35KMOyC4EyzJQjT7ZW2ZDqqS9uI+ooARUXeM+A6XyrEmGgNUmDdnZGRZPH1s6oDi\n/xMQXr+pCu1IC9ajaZpgO6ABfjVQVuTbUbEWO3XrvzbUmRi55/Q3Zwfh8svAOz9J\nbuctY2l1BCRHY11WF2WrVW9qS4jtj+2L3ACtrVo7sDYRu1UNIZCNu4brVXA1+D0t\ncBcpr2Es9UkxrjUoMiOfDFAEo98RlfwKZAhiJGUFcc5cPD15XUYWWCjoBxkGqYX1\nIfKdYx4SSTqmDMOvQ4naJEdJTICfJARPGiMZG0XTS9XxXRdPNo2VXeP6IBa5Bmnv\nloQouI+j2ji11U1zEfWac7GdJyvf93NVlSVNod99eib4Onov3on8kmMOvFFv53hw\nKwECYPdl0GsdVl8pHhM72/cdBdHg8EYdJqMGRo5qydQ1/zpfNnIXqfQAIOVbf7QH\n1f9TJ8s98xhgQ0zJw5Imlqv1DvAsw7qzX9kMTIKbZeU3vAuyjLDdONWsV+T+Irvq\nk0NcmmefGmPc3kvjz1En1F7Q2DyD+w5mqZvI5p726od3tSrUWn/ibzgkdstFXhS2\nU8gjWDZy9U1xLnd2Sm0n6joLKKMLBwIDAQABAoICABhxwndjwhIWBJfs9irM7n46\nNg/a2u1a92xdXPuujw4+3w6Gf6XD0M2Qu/ABkiElZZwSq6k4rLaJIMs6fKEXtTg1\nPFeDbV75d/vAk4x9EiO+w1Qgkni23ZbEULb0axzRzpDZXhvxmKbb++wrhxoR95zT\nEErIYkB6mNjtyFa6kuvPOgVUS0RctPdWDWiMti75YgjJPX27DlSzxQPen9u7bM5C\nDXpsQYAYy28Ns919ufvPGsObvC67sz5/2Uv2X2d0Nkxdk6TLHjs02c1bgN0JeBEk\nNqpFUYkNA2gJx1TpkUAcnFS0ANaLO4uvSQpJ70m4g4AGy/gluI8wdgrHtAjZWFAP\nJwiyB1zhGscHrdVrkUJRmPVILadDTrQLOth+k4CxaZ0lY7c/CU8SjgQFWupQ9w6L\nyNdVh1mihVE5/MgMcGCkxKAtIxG11oMpvXPpTroBBeVFJHv5APIhvTpnzqg8eVux\nhIykwvaItjTpdkH32r7ejBl+Ww7g/90UmE+Iw15Dhxxnu7/zzqMzCB2GqEa9uRq3\nbdC7QE4phJFU7OcQJauaU7roE01m3n/3YQRSV9ZX1eM8QLzCVG1Vrp0cfk3UWlsA\nmNC8cYbwFKDTtwypFqHj4qqcHKRpcCZKxVRutFWs8+2iKaNwurNvoADN6tYba13E\nJspD3r+Zhp60o8MQU5dJAoIBAQDSBy/iXDFgDPgTO9waVtp0mZo0j7xbM3pqYA+X\nfRA2paN7IeHSLPcASjmhAFOWp8ONh2IdHyWOVSu1H0JMHl8O2eejvZmQcfnUmHi3\nTzDWzAQGuyDQSueipi6UluTSJUd3A+ujC5dXtJb0kEj/9QSkw4ZlTfXfh9AcUS4c\ngEo3IpTzzmloqdtv069xJPokvW6sRp0mwK24CSuZ1j8u3U4C3zq2wOSu9QmPTgeN\nQFroodReZz9fb6Jff4yWQpoPtr/l7rdviqp6K5na3+sf57H85IdbA39kc810jtTZ\n8Xm5hNZhRyGJlUuceSoY+H/40THvzrZ/Lf/1LhH7N48/Ujf/AoIBAQDfrWr2NZzz\nCPzgI86hWPXDrU5+5uF/5T7HXV1gvr4a8vgggCT/291USU5BhEq1ZLERJbGgPdmR\nZqQWQd4DiudIJqTyz3QxF4s8AjbDxqwMcR3otKXmmlMwxu6/wXK3y1+z+aWaLWeH\nCTAyQgIX+WlPGnIgArLdWU6wWElF0qkFlbnJtO6uscHE1bzhvjLtzEzM15zUvV9s\nftVl/wZB/y5XOsoWGlhRnBcaZ43YXqKPewzWWKMVHO4Gu6q+HRpDGBMisTGJQbG2\nXHLEDhQ4WsEYq+S1ki/Y04XsjU57s19y/xYjtkQejio18gsKvmT/D0c5Hpwv62Ov\nJ4z5gke19Wz5AoIBAQDGA3il1X3HrPKGT71oJ9K2c8rrG0jeQ156xC5vCL4sh2Xm\nRT9+xF3rrA9BN+mW9HxuBuH9ysvBsZMPpHUBBvFgMxktSyhpAswkH8xQJx1Ipfh1\n0B9Twgs5UaxA8zKw3ezOzKdwhREe42gfE5l/mCXUoXMoN6REJuuShwcOX/WYncYJ\nRuYig2IbwFx8M/ySfvbE/Z5UVvxxslOlKlVPfd563rOgcaQpP2TP8yUziyUqhsiO\naJFbDQjtOHf3grt1bTrnMXVIeFfZ7xmTPeGTpwIsB9mFeXq13mgqKC+NexjkS9VC\nyalY6aTr1WBXQpKEp9aI3T86EMhtBA535x3q+T1JAoIBAQCy/NeZ278TL/8C8URZ\nEpHfmqA0plaOfIinCkw9rYT8la7+euygnXTYDK0FenI6AzA583rXKocedg8aDG03\nUoDO2LWn42AsJJXzWCYwtZtZfW8cluomxRmK77V/VrKQ5rpXj473+BtfEHgzz2RT\ngO7HMPdgLCirPdrc/Fjt+avtXynDgfh5bJ8M/qhd0FB6v8A5LtQ93KgubrQfIVsF\nlsijXtT1qPFBpPFL3M/B88CLpkDYiSc/Lt4+HxB7f1hTlkFBwp9MIXiu3/2qa0W8\n7sqUDoE+1pNZI7KIX28NR7U6lWtG+oQ6GzMl5eD2IPM6syQgTiFXqzoioDiMNLdj\noNgpAoIBABw4gIBEX2TFg/hiGdh2UcaJY2tc+vOuWxz0vKhKHmYYUP345YTAulpL\nMIPmQe3IQNc4Nm+VIkxt8u2ZvZRJtNi+5LkiSDQ07iq4f9WGwtcWsCHVFtgBAAcC\nm+BJoel8FbuxTiBfEEPUbgPPDntDAcDA90X8gT05jRNsgzI60reFv2J11nHrgZdI\npusvwk8/6Ej++04Vip364BAibUu64VFT3Hl2ZLxrZIr0whziFMcNwaArUL2jsemm\nx+4RiCQwJkAYrtEWb1jrD7hlaCrfTiki+ECP2QKiDNwkK7a2c+gwjHrq4NsaxCh9\n3HAAG1SVkAe5p1KcgyeDn+xmInwDtk0=\n-----END PRIVATE KEY-----\n",
            "public_key_fingerprint_md5": "6e:4f:cb:23:0e:09:61:23:23:fd:34:8f:d5:17:26:40",
            "public_key_fingerprint_sha256": "SHA256:jFDEljEMB5n+tVOz6ToR5lY+715rIa16G7Tu4kvdhjE",
            "public_key_openssh": "ssh-rsa AAAAB3NzaC1yc2EAAAADAQABAAACAQC3golSgv9OaXs+y665c9YegjNUeiuSrJ5QevgCpTU0OGZ7ZSul1wzNOG4+W/nh46BEvtFnm/YusKlt35KMOyC4EyzJQjT7ZW2ZDqqS9uI+ooARUXeM+A6XyrEmGgNUmDdnZGRZPH1s6oDi/xMQXr+pCu1IC9ajaZpgO6ABfjVQVuTbUbEWO3XrvzbUmRi55/Q3Zwfh8svAOz9JbuctY2l1BCRHY11WF2WrVW9qS4jtj+2L3ACtrVo7sDYRu1UNIZCNu4brVXA1+D0tcBcpr2Es9UkxrjUoMiOfDFAEo98RlfwKZAhiJGUFcc5cPD15XUYWWCjoBxkGqYX1IfKdYx4SSTqmDMOvQ4naJEdJTICfJARPGiMZG0XTS9XxXRdPNo2VXeP6IBa5BmnvloQouI+j2ji11U1zEfWac7GdJyvf93NVlSVNod99eib4Onov3on8kmMOvFFv53hwKwECYPdl0GsdVl8pHhM72/cdBdHg8EYdJqMGRo5qydQ1/zpfNnIXqfQAIOVbf7QH1f9TJ8s98xhgQ0zJw5Imlqv1DvAsw7qzX9kMTIKbZeU3vAuyjLDdONWsV+T+Irvqk0NcmmefGmPc3kvjz1En1F7Q2DyD+w5mqZvI5p726od3tSrUWn/ibzgkdstFXhS2U8gjWDZy9U1xLnd2Sm0n6joLKKMLBw==\n",
            "public_key_pem": "-----BEGIN PUBLIC KEY-----\nMIICIjANBgkqhkiG9w0BAQEFAAOCAg8AMIICCgKCAgEAt4KJUoL/Tml7PsuuuXPW\nHoIzVHorkqyeUHr4AqU1NDhme2UrpdcMzThuPlv54eOgRL7RZ5v2LrCpbd+SjDsg\nuBMsyUI0+2VtmQ6qkvbiPqKAEVF3jPgOl8qxJhoDVJg3Z2RkWTx9bOqA4v8TEF6/\nqQrtSAvWo2maYDugAX41UFbk21GxFjt167821JkYuef0N2cH4fLLwDs/SW7nLWNp\ndQQkR2NdVhdlq1VvakuI7Y/ti9wAra1aO7A2EbtVDSGQjbuG61VwNfg9LXAXKa9h\nLPVJMa41KDIjnwxQBKPfEZX8CmQIYiRlBXHOXDw9eV1GFlgo6AcZBqmF9SHynWMe\nEkk6pgzDr0OJ2iRHSUyAnyQETxojGRtF00vV8V0XTzaNlV3j+iAWuQZp75aEKLiP\no9o4tdVNcxH1mnOxnScr3/dzVZUlTaHffXom+Dp6L96J/JJjDrxRb+d4cCsBAmD3\nZdBrHVZfKR4TO9v3HQXR4PBGHSajBkaOasnUNf86XzZyF6n0ACDlW3+0B9X/UyfL\nPfMYYENMycOSJpar9Q7wLMO6s1/ZDEyCm2XlN7wLsoyw3TjVrFfk/iK76pNDXJpn\nnxpj3N5L489RJ9Re0Ng8g/sOZqmbyOae9uqHd7Uq1Fp/4m84JHbLRV4UtlPII1g2\ncvVNcS53dkptJ+o6CyijCwcCAwEAAQ==\n-----END PUBLIC KEY-----\n",
            "rsa_bits": 4096
          },
          "sensitive_attributes": [
            [
              {
                "type": "get_attr",
                "value": "private_key_openssh"
              }
            ],
            [
              {
                "type": "get_attr",
                "value": "private_key_pem"
              }
            ],
            [
              {
                "type": "get_attr",
                "value": "private_key_pem_pkcs8"
              }
            ]
          ],
          "identity_schema_version": 0
        }
      ]
    }
  ],
  "check_results": null
}
